# THIS IS AN AUTOGENERATED FILE. DO NOT EDIT THIS FILE DIRECTLY.
# yarn lockfile v1


"@fortawesome/fontawesome-free@^5.1.0":
  version "5.1.0"
  resolved "https://registry.yarnpkg.com/@fortawesome/fontawesome-free/-/fontawesome-free-5.1.0.tgz#f35f5ba91366b7a58b0b6a4f22ff0907fe002219"

github-markdown-css@^2.10.0:
  version "2.10.0"
  resolved "https://registry.yarnpkg.com/github-markdown-css/-/github-markdown-css-2.10.0.tgz#0612fed22816b33b282f37ef8def7a4ecabfe993"

highlightjs@^9.10.0:
  version "9.10.0"
  resolved "https://registry.yarnpkg.com/highlightjs/-/highlightjs-9.10.0.tgz#fca9b78ddaa3b1abca89d6c3ee105ad270a80190"

jquery@^3.3.1:
  version "3.3.1"
  resolved "https://registry.yarnpkg.com/jquery/-/jquery-3.3.1.tgz#958ce29e81c9790f31be7792df5d4d95fc57fbca"
